
Microsoft Visual Studio Solution File, Format Version 12.00
# Visual Studio 2012
Project("{FAE04EC0-301F-11D3-BF4B-00C04F79EFBC}") = "TaskSchedulerEngine", "..\src\TaskSchedulerEngine.csproj", "{D20C2551-FFB9-4449-ABF1-3E8B4B3A84A8}"
EndProject
Project("{2150E333-8FDC-42A3-9474-1A3956D46DE8}") = "Solution Items", "Solution Items", "{A29B0397-C478-48ED-8A46-F29B4352CA78}"
	ProjectSection(SolutionItems) = preProject
		Local.testsettings = Local.testsettings
		TaskSchedulerEngine.vsmdi = TaskSchedulerEngine.vsmdi
		TraceAndTestImpact.testsettings = TraceAndTestImpact.testsettings
	EndProjectSection
EndProject
Project("{FAE04EC0-301F-11D3-BF4B-00C04F79EFBC}") = "TaskSchedulerEngineTests", "..\test\TaskSchedulerEngineTests\TaskSchedulerEngineTests.csproj", "{6DBB8781-5164-4082-8415-07D0E1C040B7}"
EndProject
Project("{FAE04EC0-301F-11D3-BF4B-00C04F79EFBC}") = "TaskSchedulerEngineMicro", "..\micro\TaskSchedulerEngineMicro.csproj", "{202DBC0F-6107-4ADD-A410-D63AF4CB8C6A}"
EndProject
Global
	GlobalSection(TestCaseManagementSettings) = postSolution
		CategoryFile = TaskSchedulerEngine.vsmdi
	EndGlobalSection
	GlobalSection(SolutionConfigurationPlatforms) = preSolution
		Debug|Any CPU = Debug|Any CPU
		Debug|x86 = Debug|x86
		Deploy|Any CPU = Deploy|Any CPU
		Deploy|x86 = Deploy|x86
		Release|Any CPU = Release|Any CPU
		Release|x86 = Release|x86
	EndGlobalSection
	GlobalSection(ProjectConfigurationPlatforms) = postSolution
		{D20C2551-FFB9-4449-ABF1-3E8B4B3A84A8}.Debug|Any CPU.ActiveCfg = Debug|Any CPU
		{D20C2551-FFB9-4449-ABF1-3E8B4B3A84A8}.Debug|Any CPU.Build.0 = Debug|Any CPU
		{D20C2551-FFB9-4449-ABF1-3E8B4B3A84A8}.Debug|x86.ActiveCfg = Debug|x86
		{D20C2551-FFB9-4449-ABF1-3E8B4B3A84A8}.Debug|x86.Build.0 = Debug|x86
		{D20C2551-FFB9-4449-ABF1-3E8B4B3A84A8}.Deploy|Any CPU.ActiveCfg = Deploy|Any CPU
		{D20C2551-FFB9-4449-ABF1-3E8B4B3A84A8}.Deploy|Any CPU.Build.0 = Deploy|Any CPU
		{D20C2551-FFB9-4449-ABF1-3E8B4B3A84A8}.Deploy|x86.ActiveCfg = Deploy|x86
		{D20C2551-FFB9-4449-ABF1-3E8B4B3A84A8}.Deploy|x86.Build.0 = Deploy|x86
		{D20C2551-FFB9-4449-ABF1-3E8B4B3A84A8}.Release|Any CPU.ActiveCfg = Release|Any CPU
		{D20C2551-FFB9-4449-ABF1-3E8B4B3A84A8}.Release|Any CPU.Build.0 = Release|Any CPU
		{D20C2551-FFB9-4449-ABF1-3E8B4B3A84A8}.Release|x86.ActiveCfg = Release|x86
		{D20C2551-FFB9-4449-ABF1-3E8B4B3A84A8}.Release|x86.Build.0 = Release|x86
		{6DBB8781-5164-4082-8415-07D0E1C040B7}.Debug|Any CPU.ActiveCfg = Debug|Any CPU
		{6DBB8781-5164-4082-8415-07D0E1C040B7}.Debug|Any CPU.Build.0 = Debug|Any CPU
		{6DBB8781-5164-4082-8415-07D0E1C040B7}.Debug|x86.ActiveCfg = Debug|Any CPU
		{6DBB8781-5164-4082-8415-07D0E1C040B7}.Deploy|Any CPU.ActiveCfg = Debug|Any CPU
		{6DBB8781-5164-4082-8415-07D0E1C040B7}.Deploy|Any CPU.Build.0 = Debug|Any CPU
		{6DBB8781-5164-4082-8415-07D0E1C040B7}.Deploy|x86.ActiveCfg = Debug|Any CPU
		{6DBB8781-5164-4082-8415-07D0E1C040B7}.Release|Any CPU.ActiveCfg = Release|Any CPU
		{6DBB8781-5164-4082-8415-07D0E1C040B7}.Release|Any CPU.Build.0 = Release|Any CPU
		{6DBB8781-5164-4082-8415-07D0E1C040B7}.Release|x86.ActiveCfg = Release|Any CPU
		{202DBC0F-6107-4ADD-A410-D63AF4CB8C6A}.Debug|Any CPU.ActiveCfg = Debug|Any CPU
		{202DBC0F-6107-4ADD-A410-D63AF4CB8C6A}.Debug|Any CPU.Build.0 = Debug|Any CPU
		{202DBC0F-6107-4ADD-A410-D63AF4CB8C6A}.Debug|x86.ActiveCfg = Debug|Any CPU
		{202DBC0F-6107-4ADD-A410-D63AF4CB8C6A}.Deploy|Any CPU.ActiveCfg = Debug|Any CPU
		{202DBC0F-6107-4ADD-A410-D63AF4CB8C6A}.Deploy|Any CPU.Build.0 = Debug|Any CPU
		{202DBC0F-6107-4ADD-A410-D63AF4CB8C6A}.Deploy|x86.ActiveCfg = Debug|Any CPU
		{202DBC0F-6107-4ADD-A410-D63AF4CB8C6A}.Release|Any CPU.ActiveCfg = Release|Any CPU
		{202DBC0F-6107-4ADD-A410-D63AF4CB8C6A}.Release|Any CPU.Build.0 = Release|Any CPU
		{202DBC0F-6107-4ADD-A410-D63AF4CB8C6A}.Release|x86.ActiveCfg = Release|Any CPU
	EndGlobalSection
	GlobalSection(SolutionProperties) = preSolution
		HideSolutionNode = FALSE
	EndGlobalSection
EndGlobal
